
Microsoft Visual Studio Solution File, Format Version 12.00
# Visual Studio Version 17
VisualStudioVersion = 17.7.34202.233
MinimumVisualStudioVersion = 10.0.40219.1
Project("{8BC9CEB8-8B4A-11D0-8D11-00A0C91BC942}") = "Mipil", "Mipil\Mipil.vcxproj", "{525D7D7F-25A0-4C27-8BF4-283C9BB2F89E}"
EndProject
Project("{8BC9CEB8-8B4A-11D0-8D11-00A0C91BC942}") = "Engine", "Engine\Engine.vcxproj", "{011C0696-0D45-424C-8A4B-B83F615E3959}"
EndProject
Project("{8BC9CEB8-8B4A-11D0-8D11-00A0C91BC942}") = "D3DRenderer", "D3DRenderer\D3DRenderer.vcxproj", "{E0B37F6A-5CAF-4735-BC2E-C9D8958D07B9}"
EndProject
Project("{8BC9CEB8-8B4A-11D0-8D11-00A0C91BC942}") = "NetworkLibrary", "NetworkLibrary\NetworkLibrary.vcxproj", "{FA6B3895-7F19-465C-B0FD-9FACE0670048}"
EndProject
Global
	GlobalSection(SolutionConfigurationPlatforms) = preSolution
		Debug|x64 = Debug|x64
		Debug|x86 = Debug|x86
		Release|x64 = Release|x64
		Release|x86 = Release|x86
	EndGlobalSection
	GlobalSection(ProjectConfigurationPlatforms) = postSolution
		{525D7D7F-25A0-4C27-8BF4-283C9BB2F89E}.Debug|x64.ActiveCfg = Debug|x64
		{525D7D7F-25A0-4C27-8BF4-283C9BB2F89E}.Debug|x64.Build.0 = Debug|x64
		{525D7D7F-25A0-4C27-8BF4-283C9BB2F89E}.Debug|x86.ActiveCfg = Debug|Win32
		{525D7D7F-25A0-4C27-8BF4-283C9BB2F89E}.Debug|x86.Build.0 = Debug|Win32
		{525D7D7F-25A0-4C27-8BF4-283C9BB2F89E}.Release|x64.ActiveCfg = Release|x64
		{525D7D7F-25A0-4C27-8BF4-283C9BB2F89E}.Release|x64.Build.0 = Release|x64
		{525D7D7F-25A0-4C27-8BF4-283C9BB2F89E}.Release|x86.ActiveCfg = Release|Win32
		{525D7D7F-25A0-4C27-8BF4-283C9BB2F89E}.Release|x86.Build.0 = Release|Win32
		{011C0696-0D45-424C-8A4B-B83F615E3959}.Debug|x64.ActiveCfg = Debug|x64
		{011C0696-0D45-424C-8A4B-B83F615E3959}.Debug|x64.Build.0 = Debug|x64
		{011C0696-0D45-424C-8A4B-B83F615E3959}.Debug|x86.ActiveCfg = Debug|Win32
		{011C0696-0D45-424C-8A4B-B83F615E3959}.Debug|x86.Build.0 = Debug|Win32
		{011C0696-0D45-424C-8A4B-B83F615E3959}.Release|x64.ActiveCfg = Release|x64
		{011C0696-0D45-424C-8A4B-B83F615E3959}.Release|x64.Build.0 = Release|x64
		{011C0696-0D45-424C-8A4B-B83F615E3959}.Release|x86.ActiveCfg = Release|Win32
		{011C0696-0D45-424C-8A4B-B83F615E3959}.Release|x86.Build.0 = Release|Win32
		{E0B37F6A-5CAF-4735-BC2E-C9D8958D07B9}.Debug|x64.ActiveCfg = Debug|x64
		{E0B37F6A-5CAF-4735-BC2E-C9D8958D07B9}.Debug|x64.Build.0 = Debug|x64
		{E0B37F6A-5CAF-4735-BC2E-C9D8958D07B9}.Debug|x86.ActiveCfg = Debug|Win32
		{E0B37F6A-5CAF-4735-BC2E-C9D8958D07B9}.Debug|x86.Build.0 = Debug|Win32
		{E0B37F6A-5CAF-4735-BC2E-C9D8958D07B9}.Release|x64.ActiveCfg = Release|x64
		{E0B37F6A-5CAF-4735-BC2E-C9D8958D07B9}.Release|x64.Build.0 = Release|x64
		{E0B37F6A-5CAF-4735-BC2E-C9D8958D07B9}.Release|x86.ActiveCfg = Release|Win32
		{E0B37F6A-5CAF-4735-BC2E-C9D8958D07B9}.Release|x86.Build.0 = Release|Win32
		{FA6B3895-7F19-465C-B0FD-9FACE0670048}.Debug|x64.ActiveCfg = Debug|x64
		{FA6B3895-7F19-465C-B0FD-9FACE0670048}.Debug|x64.Build.0 = Debug|x64
		{FA6B3895-7F19-465C-B0FD-9FACE0670048}.Debug|x86.ActiveCfg = Debug|Win32
		{FA6B3895-7F19-465C-B0FD-9FACE0670048}.Debug|x86.Build.0 = Debug|Win32
		{FA6B3895-7F19-465C-B0FD-9FACE0670048}.Release|x64.ActiveCfg = Release|x64
		{FA6B3895-7F19-465C-B0FD-9FACE0670048}.Release|x64.Build.0 = Release|x64
		{FA6B3895-7F19-465C-B0FD-9FACE0670048}.Release|x86.ActiveCfg = Release|Win32
		{FA6B3895-7F19-465C-B0FD-9FACE0670048}.Release|x86.Build.0 = Release|Win32
	EndGlobalSection
	GlobalSection(SolutionProperties) = preSolution
		HideSolutionNode = FALSE
	EndGlobalSection
	GlobalSection(ExtensibilityGlobals) = postSolution
		SolutionGuid = {AE7E986D-E4C4-428A-AF59-5F83C92769EC}
	EndGlobalSection
EndGlobal
